
Microsoft Visual Studio Solution File, Format Version 12.00
# Visual Studio Version 17
VisualStudioVersion = 17.11.35312.102
MinimumVisualStudioVersion = 10.0.40219.1
Project("{FAE04EC0-301F-11D3-BF4B-00C04F79EFBC}") = "cli", "cli.csproj", "{4EF6ACA5-6373-49D6-AE74-17E17D959A25}"
EndProject
Global
	GlobalSection(SolutionConfigurationPlatforms) = preSolution
		Debug|Any CPU = Debug|Any CPU
		Release|Any CPU = Release|Any CPU
	EndGlobalSection
	GlobalSection(ProjectConfigurationPlatforms) = postSolution
		{4EF6ACA5-6373-49D6-AE74-17E17D959A25}.Debug|Any CPU.ActiveCfg = Debug|Any CPU
		{4EF6ACA5-6373-49D6-AE74-17E17D959A25}.Debug|Any CPU.Build.0 = Debug|Any CPU
		{4EF6ACA5-6373-49D6-AE74-17E17D959A25}.Release|Any CPU.ActiveCfg = Release|Any CPU
		{4EF6ACA5-6373-49D6-AE74-17E17D959A25}.Release|Any CPU.Build.0 = Release|Any CPU
	EndGlobalSection
	GlobalSection(SolutionProperties) = preSolution
		HideSolutionNode = FALSE
	EndGlobalSection
	GlobalSection(ExtensibilityGlobals) = postSolution
		SolutionGuid = {5ECC1905-05F4-417B-98EC-7737D2E0FEF3}
	EndGlobalSection
EndGlobal
